{
  "name": "niuyulei-cli",
  "version": "1.1.0",
  "lockfileVersion": 3,
  "requires": true,
  "packages": {
    "": {
      "name": "niuyulei-cli",
      "version": "1.1.0",
      "license": "ISC",
      "dependencies": {
        "niuyulei-cli-lib": "^1.1.0"
      },
      "bin": {
        "niuyulei-cli": "bin/index.js"
      }
    },
    "../niu-cli-lib": {
      "name": "niuyulei-cli-lib",
      "version": "1.0.0",
      "extraneous": true,
      "license": "ISC"
    },
    "node_modules/niuyulei-cli-lib": {
      "version": "1.1.0",
      "resolved": "https://registry.npmjs.org/niuyulei-cli-lib/-/niuyulei-cli-lib-1.1.0.tgz",
      "integrity": "sha512-YziIdDkN7/t9tEPFBhFYJiHl163v0O7MseCmbCOLlWmKYcfbdLcz+AzxsVouKuGC7yWQ9udmB0iuJy36SOOnnQ=="
    }
  }
}
